
Microsoft Visual Studio Solution File, Format Version 12.00
# Visual Studio 2012
Project("{F184B08F-C81C-45F6-A57F-5ABD9991F28F}") = "PAI.Core", "PAI.Core.vbproj", "{24D5453F-BB87-4B1B-B676-30710D48EF51}"
EndProject
Project("{F184B08F-C81C-45F6-A57F-5ABD9991F28F}") = "PAI.Core.AccesoDatos", "..\..\..\Análisis\Proyecto\Insertar Actualizar Eliminar Buscar Componente\PAI.Core\PAI.Core\PAI.Core.AccesoDatos\PAI.Core.AccesoDatos.vbproj", "{DEFE8EBB-7CF9-4F5A-A908-FC23FC47B9E1}"
EndProject
Global
	GlobalSection(SolutionConfigurationPlatforms) = preSolution
		Debug|Any CPU = Debug|Any CPU
		Release|Any CPU = Release|Any CPU
	EndGlobalSection
	GlobalSection(ProjectConfigurationPlatforms) = postSolution
		{24D5453F-BB87-4B1B-B676-30710D48EF51}.Debug|Any CPU.ActiveCfg = Debug|Any CPU
		{24D5453F-BB87-4B1B-B676-30710D48EF51}.Debug|Any CPU.Build.0 = Debug|Any CPU
		{24D5453F-BB87-4B1B-B676-30710D48EF51}.Release|Any CPU.ActiveCfg = Release|Any CPU
		{24D5453F-BB87-4B1B-B676-30710D48EF51}.Release|Any CPU.Build.0 = Release|Any CPU
		{DEFE8EBB-7CF9-4F5A-A908-FC23FC47B9E1}.Debug|Any CPU.ActiveCfg = Debug|Any CPU
		{DEFE8EBB-7CF9-4F5A-A908-FC23FC47B9E1}.Debug|Any CPU.Build.0 = Debug|Any CPU
		{DEFE8EBB-7CF9-4F5A-A908-FC23FC47B9E1}.Release|Any CPU.ActiveCfg = Release|Any CPU
		{DEFE8EBB-7CF9-4F5A-A908-FC23FC47B9E1}.Release|Any CPU.Build.0 = Release|Any CPU
	EndGlobalSection
	GlobalSection(SolutionProperties) = preSolution
		HideSolutionNode = FALSE
	EndGlobalSection
EndGlobal
